{
<<<<<<< HEAD
  "name": "mission-6",
  "version": "1.0.0",
  "lockfileVersion": 3,
  "requires": true,
  "packages": {
    "": {
      "name": "mission-6",
      "version": "1.0.0",
      "license": "ISC"
    }
  }
=======
  "name": "Mission 6",
  "lockfileVersion": 3,
  "requires": true,
  "packages": {}
>>>>>>> 732fa8045be398516e730c411b13aed6e9a23be4
}
